// !$*UTF8*$!
{
	archiveVersion = 1;
	classes = {
	};
	objectVersion = 51;
	objects = {

/* Begin PBXBuildFile section */
		40373B7526D4EB0100772503 /* AppDelegate.swift in Sources */ = {isa = PBXBuildFile; fileRef = 40373B7426D4EB0100772503 /* AppDelegate.swift */; };
		40373B7726D4EB0100772503 /* SceneDelegate.swift in Sources */ = {isa = PBXBuildFile; fileRef = 40373B7626D4EB0100772503 /* SceneDelegate.swift */; };
		40373B7926D4EB0100772503 /* ViewController.swift in Sources */ = {isa = PBXBuildFile; fileRef = 40373B7826D4EB0100772503 /* ViewController.swift */; };
		40373B7C26D4EB0100772503 /* Main.storyboard in Resources */ = {isa = PBXBuildFile; fileRef = 40373B7A26D4EB0100772503 /* Main.storyboard */; };
		40373B7E26D4EB0200772503 /* Assets.xcassets in Resources */ = {isa = PBXBuildFile; fileRef = 40373B7D26D4EB0200772503 /* Assets.xcassets */; };
		40373B8126D4EB0200772503 /* LaunchScreen.storyboard in Resources */ = {isa = PBXBuildFile; fileRef = 40373B7F26D4EB0200772503 /* LaunchScreen.storyboard */; };
		BFE101FCF931108D9853E102 /* Pods_funda_demo_ios.framework in Frameworks */ = {isa = PBXBuildFile; fileRef = 4B1139C62187A27D36C95EC3 /* Pods_funda_demo_ios.framework */; };
/* End PBXBuildFile section */

/* Begin PBXFileReference section */
		4020D6E426D5092D001ED2AD /* Info-Release.plist */ = {isa = PBXFileReference; lastKnownFileType = text.plist.xml; path = "Info-Release.plist"; sourceTree = "<group>"; };
		40373B7126D4EB0100772503 /* funda_demo_ios.app */ = {isa = PBXFileReference; explicitFileType = wrapper.application; includeInIndex = 0; path = funda_demo_ios.app; sourceTree = BUILT_PRODUCTS_DIR; };
		40373B7426D4EB0100772503 /* AppDelegate.swift */ = {isa = PBXFileReference; lastKnownFileType = sourcecode.swift; path = AppDelegate.swift; sourceTree = "<group>"; };
		40373B7626D4EB0100772503 /* SceneDelegate.swift */ = {isa = PBXFileReference; lastKnownFileType = sourcecode.swift; path = SceneDelegate.swift; sourceTree = "<group>"; };
		40373B7826D4EB0100772503 /* ViewController.swift */ = {isa = PBXFileReference; lastKnownFileType = sourcecode.swift; path = ViewController.swift; sourceTree = "<group>"; };
		40373B7B26D4EB0100772503 /* Base */ = {isa = PBXFileReference; lastKnownFileType = file.storyboard; name = Base; path = Base.lproj/Main.storyboard; sourceTree = "<group>"; };
		40373B7D26D4EB0200772503 /* Assets.xcassets */ = {isa = PBXFileReference; lastKnownFileType = folder.assetcatalog; path = Assets.xcassets; sourceTree = "<group>"; };
		40373B8026D4EB0200772503 /* Base */ = {isa = PBXFileReference; lastKnownFileType = file.storyboard; name = Base; path = Base.lproj/LaunchScreen.storyboard; sourceTree = "<group>"; };
		40373B8226D4EB0200772503 /* Info-Debug.plist */ = {isa = PBXFileReference; lastKnownFileType = text.plist.xml; path = "Info-Debug.plist"; sourceTree = "<group>"; };
		4B1139C62187A27D36C95EC3 /* Pods_funda_demo_ios.framework */ = {isa = PBXFileReference; explicitFileType = wrapper.framework; includeInIndex = 0; path = Pods_funda_demo_ios.framework; sourceTree = BUILT_PRODUCTS_DIR; };
		B1328333521796F17323A3E5 /* Pods-funda_demo_ios.release.xcconfig */ = {isa = PBXFileReference; includeInIndex = 1; lastKnownFileType = text.xcconfig; name = "Pods-funda_demo_ios.release.xcconfig"; path = "Target Support Files/Pods-funda_demo_ios/Pods-funda_demo_ios.release.xcconfig"; sourceTree = "<group>"; };
		D44863C46E6F668636FD9452 /* Pods-funda_demo_ios.debug.xcconfig */ = {isa = PBXFileReference; includeInIndex = 1; lastKnownFileType = text.xcconfig; name = "Pods-funda_demo_ios.debug.xcconfig"; path = "Target Support Files/Pods-funda_demo_ios/Pods-funda_demo_ios.debug.xcconfig"; sourceTree = "<group>"; };
/* End PBXFileReference section */

/* Begin PBXFrameworksBuildPhase section */
		40373B6E26D4EB0100772503 /* Frameworks */ = {
			isa = PBXFrameworksBuildPhase;
			buildActionMask = 2147483647;
			files = (
				BFE101FCF931108D9853E102 /* Pods_funda_demo_ios.framework in Frameworks */,
			);
			runOnlyForDeploymentPostprocessing = 0;
		};
/* End PBXFrameworksBuildPhase section */

/* Begin PBXGroup section */
		40373B6826D4EB0100772503 = {
			isa = PBXGroup;
			children = (
				40373B7326D4EB0100772503 /* funda_demo_ios */,
				40373B7226D4EB0100772503 /* Products */,
				493D5C4756FDF9F3E90078A6 /* Pods */,
				4C0C63CF29FE1C78D842C109 /* Frameworks */,
			);
			sourceTree = "<group>";
		};
		40373B7226D4EB0100772503 /* Products */ = {
			isa = PBXGroup;
			children = (
				40373B7126D4EB0100772503 /* funda_demo_ios.app */,
			);
			name = Products;
			sourceTree = "<group>";
		};
		40373B7326D4EB0100772503 /* funda_demo_ios */ = {
			isa = PBXGroup;
			children = (
				40373B7426D4EB0100772503 /* AppDelegate.swift */,
				40373B7626D4EB0100772503 /* SceneDelegate.swift */,
				40373B7826D4EB0100772503 /* ViewController.swift */,
				40373B7A26D4EB0100772503 /* Main.storyboard */,
				40373B7D26D4EB0200772503 /* Assets.xcassets */,
				40373B7F26D4EB0200772503 /* LaunchScreen.storyboard */,
				40373B8226D4EB0200772503 /* Info-Debug.plist */,
				4020D6E426D5092D001ED2AD /* Info-Release.plist */,
			);
			path = funda_demo_ios;
			sourceTree = "<group>";
		};
		493D5C4756FDF9F3E90078A6 /* Pods */ = {
			isa = PBXGroup;
			children = (
				D44863C46E6F668636FD9452 /* Pods-funda_demo_ios.debug.xcconfig */,
				B1328333521796F17323A3E5 /* Pods-funda_demo_ios.release.xcconfig */,
			);
			path = Pods;
			sourceTree = "<group>";
		};
		4C0C63CF29FE1C78D842C109 /* Frameworks */ = {
			isa = PBXGroup;
			children = (
				4B1139C62187A27D36C95EC3 /* Pods_funda_demo_ios.framework */,
			);
			name = Frameworks;
			sourceTree = "<group>";
		};
/* End PBXGroup section */

/* Begin PBXNativeTarget section */
		40373B7026D4EB0100772503 /* funda_demo_ios */ = {
			isa = PBXNativeTarget;
			buildConfigurationList = 40373B8526D4EB0200772503 /* Build configuration list for PBXNativeTarget "funda_demo_ios" */;
			buildPhases = (
				5372B3311BAB553DD8234CC2 /* [CP] Check Pods Manifest.lock */,
				33B76F5CB7AF4BDA84437823 /* [CP-User] Run Flutter Build funda_demo Script */,
				40373B6D26D4EB0100772503 /* Sources */,
				40373B6E26D4EB0100772503 /* Frameworks */,
				40373B6F26D4EB0100772503 /* Resources */,
				7B7311AADD91BDCCF93200C0 /* [CP] Embed Pods Frameworks */,
			);
			buildRules = (
			);
			dependencies = (
			);
			name = funda_demo_ios;
			productName = funda_demo_ios;
			productReference = 40373B7126D4EB0100772503 /* funda_demo_ios.app */;
			productType = "com.apple.product-type.application";
		};
/* End PBXNativeTarget section */

/* Begin PBXProject section */
		40373B6926D4EB0100772503 /* Project object */ = {
			isa = PBXProject;
			attributes = {
				LastSwiftUpdateCheck = 1250;
				LastUpgradeCheck = 1250;
				TargetAttributes = {
					40373B7026D4EB0100772503 = {
						CreatedOnToolsVersion = 12.5.1;
					};
				};
			};
			buildConfigurationList = 40373B6C26D4EB0100772503 /* Build configuration list for PBXProject "funda_demo_ios" */;
			compatibilityVersion = "Xcode 9.3";
			developmentRegion = en;
			hasScannedForEncodings = 0;
			knownRegions = (
				en,
				Base,
			);
			mainGroup = 40373B6826D4EB0100772503;
			productRefGroup = 40373B7226D4EB0100772503 /* Products */;
			projectDirPath = "";
			projectRoot = "";
			targets = (
				40373B7026D4EB0100772503 /* funda_demo_ios */,
			);
		};
/* End PBXProject section */

/* Begin PBXResourcesBuildPhase section */
		40373B6F26D4EB0100772503 /* Resources */ = {
			isa = PBXResourcesBuildPhase;
			buildActionMask = 2147483647;
			files = (
				40373B8126D4EB0200772503 /* LaunchScreen.storyboard in Resources */,
				40373B7E26D4EB0200772503 /* Assets.xcassets in Resources */,
				40373B7C26D4EB0100772503 /* Main.storyboard in Resources */,
			);
			runOnlyForDeploymentPostprocessing = 0;
		};
/* End PBXResourcesBuildPhase section */

/* Begin PBXShellScriptBuildPhase section */
		33B76F5CB7AF4BDA84437823 /* [CP-User] Run Flutter Build funda_demo Script */ = {
			isa = PBXShellScriptBuildPhase;
			buildActionMask = 2147483647;
			files = (
			);
			name = "[CP-User] Run Flutter Build funda_demo Script";
			runOnlyForDeploymentPostprocessing = 0;
			shellPath = /bin/sh;
			shellScript = "set -e\nset -u\nsource \"${SRCROOT}/../funda_demo/.ios/Flutter/flutter_export_environment.sh\"\nexport VERBOSE_SCRIPT_LOGGING=1 && \"$FLUTTER_ROOT\"/packages/flutter_tools/bin/xcode_backend.sh build";
		};
		5372B3311BAB553DD8234CC2 /* [CP] Check Pods Manifest.lock */ = {
			isa = PBXShellScriptBuildPhase;
			buildActionMask = 2147483647;
			files = (
			);
			inputFileListPaths = (
			);
			inputPaths = (
				"${PODS_PODFILE_DIR_PATH}/Podfile.lock",
				"${PODS_ROOT}/Manifest.lock",
			);
			name = "[CP] Check Pods Manifest.lock";
			outputFileListPaths = (
			);
			outputPaths = (
				"$(DERIVED_FILE_DIR)/Pods-funda_demo_ios-checkManifestLockResult.txt",
			);
			runOnlyForDeploymentPostprocessing = 0;
			shellPath = /bin/sh;
			shellScript = "diff \"${PODS_PODFILE_DIR_PATH}/Podfile.lock\" \"${PODS_ROOT}/Manifest.lock\" > /dev/null\nif [ $? != 0 ] ; then\n    # print error to STDERR\n    echo \"error: The sandbox is not in sync with the Podfile.lock. Run 'pod install' or update your CocoaPods installation.\" >&2\n    exit 1\nfi\n# This output is used by Xcode 'outputs' to avoid re-running this script phase.\necho \"SUCCESS\" > \"${SCRIPT_OUTPUT_FILE_0}\"\n";
			showEnvVarsInLog = 0;
		};
		7B7311AADD91BDCCF93200C0 /* [CP] Embed Pods Frameworks */ = {
			isa = PBXShellScriptBuildPhase;
			buildActionMask = 2147483647;
			files = (
			);
			inputFileListPaths = (
				"${PODS_ROOT}/Target Support Files/Pods-funda_demo_ios/Pods-funda_demo_ios-frameworks-${CONFIGURATION}-input-files.xcfilelist",
			);
			name = "[CP] Embed Pods Frameworks";
			outputFileListPaths = (
				"${PODS_ROOT}/Target Support Files/Pods-funda_demo_ios/Pods-funda_demo_ios-frameworks-${CONFIGURATION}-output-files.xcfilelist",
			);
			runOnlyForDeploymentPostprocessing = 0;
			shellPath = /bin/sh;
			shellScript = "\"${PODS_ROOT}/Target Support Files/Pods-funda_demo_ios/Pods-funda_demo_ios-frameworks.sh\"\n";
			showEnvVarsInLog = 0;
		};
/* End PBXShellScriptBuildPhase section */

/* Begin PBXSourcesBuildPhase section */
		40373B6D26D4EB0100772503 /* Sources */ = {
			isa = PBXSourcesBuildPhase;
			buildActionMask = 2147483647;
			files = (
				40373B7926D4EB0100772503 /* ViewController.swift in Sources */,
				40373B7526D4EB0100772503 /* AppDelegate.swift in Sources */,
				40373B7726D4EB0100772503 /* SceneDelegate.swift in Sources */,
			);
			runOnlyForDeploymentPostprocessing = 0;
		};
/* End PBXSourcesBuildPhase section */

/* Begin PBXVariantGroup section */
		40373B7A26D4EB0100772503 /* Main.storyboard */ = {
			isa = PBXVariantGroup;
			children = (
				40373B7B26D4EB0100772503 /* Base */,
			);
			name = Main.storyboard;
			sourceTree = "<group>";
		};
		40373B7F26D4EB0200772503 /* LaunchScreen.storyboard */ = {
			isa = PBXVariantGroup;
			children = (
				40373B8026D4EB0200772503 /* Base */,
			);
			name = LaunchScreen.storyboard;
			sourceTree = "<group>";
		};
/* End PBXVariantGroup section */

/* Begin XCBuildConfiguration section */
		40373B8326D4EB0200772503 /* Debug */ = {
			isa = XCBuildConfiguration;
			buildSettings = {
				ALWAYS_SEARCH_USER_PATHS = NO;
				CLANG_ANALYZER_NONNULL = YES;
				CLANG_ANALYZER_NUMBER_OBJECT_CONVERSION = YES_AGGRESSIVE;
				CLANG_CXX_LANGUAGE_STANDARD = "gnu++14";
				CLANG_CXX_LIBRARY = "libc++";
				CLANG_ENABLE_MODULES = YES;
				CLANG_ENABLE_OBJC_ARC = YES;
				CLANG_ENABLE_OBJC_WEAK = YES;
				CLANG_WARN_BLOCK_CAPTURE_AUTORELEASING = YES;
				CLANG_WARN_BOOL_CONVERSION = YES;
				CLANG_WARN_COMMA = YES;
				CLANG_WARN_CONSTANT_CONVERSION = YES;
				CLANG_WARN_DEPRECATED_OBJC_IMPLEMENTATIONS = YES;
				CLANG_WARN_DIRECT_OBJC_ISA_USAGE = YES_ERROR;
				CLANG_WARN_DOCUMENTATION_COMMENTS = YES;
				CLANG_WARN_EMPTY_BODY = YES;
				CLANG_WARN_ENUM_CONVERSION = YES;
				CLANG_WARN_INFINITE_RECURSION = YES;
				CLANG_WARN_INT_CONVERSION = YES;
				CLANG_WARN_NON_LITERAL_NULL_CONVERSION = YES;
				CLANG_WARN_OBJC_IMPLICIT_RETAIN_SELF = YES;
				CLANG_WARN_OBJC_LITERAL_CONVERSION = YES;
				CLANG_WARN_OBJC_ROOT_CLASS = YES_ERROR;
				CLANG_WARN_QUOTED_INCLUDE_IN_FRAMEWORK_HEADER = YES;
				CLANG_WARN_RANGE_LOOP_ANALYSIS = YES;
				CLANG_WARN_STRICT_PROTOTYPES = YES;
				CLANG_WARN_SUSPICIOUS_MOVE = YES;
				CLANG_WARN_UNGUARDED_AVAILABILITY = YES_AGGRESSIVE;
				CLANG_WARN_UNREACHABLE_CODE = YES;
				CLANG_WARN__DUPLICATE_METHOD_MATCH = YES;
				COPY_PHASE_STRIP = NO;
				DEBUG_INFORMATION_FORMAT = dwarf;
				ENABLE_STRICT_OBJC_MSGSEND = YES;
				ENABLE_TESTABILITY = YES;
				EXCLUDED_ARCHS = "";
				GCC_C_LANGUAGE_STANDARD = gnu11;
				GCC_DYNAMIC_NO_PIC = NO;
				GCC_NO_COMMON_BLOCKS = YES;
				GCC_OPTIMIZATION_LEVEL = 0;
				GCC_PREPROCESSOR_DEFINITIONS = (
					"DEBUG=1",
					"$(inherited)",
				);
				GCC_WARN_64_TO_32_BIT_CONVERSION = YES;
				GCC_WARN_ABOUT_RETURN_TYPE = YES_ERROR;
				GCC_WARN_UNDECLARED_SELECTOR = YES;
				GCC_WARN_UNINITIALIZED_AUTOS = YES_AGGRESSIVE;
				GCC_WARN_UNUSED_FUNCTION = YES;
				GCC_WARN_UNUSED_VARIABLE = YES;
				IPHONEOS_DEPLOYMENT_TARGET = 14.5;
				MTL_ENABLE_DEBUG_INFO = INCLUDE_SOURCE;
				MTL_FAST_MATH = YES;
				ONLY_ACTIVE_ARCH = YES;
				SDKROOT = iphoneos;
				SWIFT_ACTIVE_COMPILATION_CONDITIONS = DEBUG;
				SWIFT_OPTIMIZATION_LEVEL = "-Onone";
			};
			name = Debug;
		};
		40373B8426D4EB0200772503 /* Release */ = {
			isa = XCBuildConfiguration;
			buildSettings = {
				ALWAYS_SEARCH_USER_PATHS = NO;
				CLANG_ANALYZER_NONNULL = YES;
				CLANG_ANALYZER_NUMBER_OBJECT_CONVERSION = YES_AGGRESSIVE;
				CLANG_CXX_LANGUAGE_STANDARD = "gnu++14";
				CLANG_CXX_LIBRARY = "libc++";
				CLANG_ENABLE_MODULES = YES;
				CLANG_ENABLE_OBJC_ARC = YES;
				CLANG_ENABLE_OBJC_WEAK = YES;
				CLANG_WARN_BLOCK_CAPTURE_AUTORELEASING = YES;
				CLANG_WARN_BOOL_CONVERSION = YES;
				CLANG_WARN_COMMA = YES;
				CLANG_WARN_CONSTANT_CONVERSION = YES;
				CLANG_WARN_DEPRECATED_OBJC_IMPLEMENTATIONS = YES;
				CLANG_WARN_DIRECT_OBJC_ISA_USAGE = YES_ERROR;
				CLANG_WARN_DOCUMENTATION_COMMENTS = YES;
				CLANG_WARN_EMPTY_BODY = YES;
				CLANG_WARN_ENUM_CONVERSION = YES;
				CLANG_WARN_INFINITE_RECURSION = YES;
				CLANG_WARN_INT_CONVERSION = YES;
				CLANG_WARN_NON_LITERAL_NULL_CONVERSION = YES;
				CLANG_WARN_OBJC_IMPLICIT_RETAIN_SELF = YES;
				CLANG_WARN_OBJC_LITERAL_CONVERSION = YES;
				CLANG_WARN_OBJC_ROOT_CLASS = YES_ERROR;
				CLANG_WARN_QUOTED_INCLUDE_IN_FRAMEWORK_HEADER = YES;
				CLANG_WARN_RANGE_LOOP_ANALYSIS = YES;
				CLANG_WARN_STRICT_PROTOTYPES = YES;
				CLANG_WARN_SUSPICIOUS_MOVE = YES;
				CLANG_WARN_UNGUARDED_AVAILABILITY = YES_AGGRESSIVE;
				CLANG_WARN_UNREACHABLE_CODE = YES;
				CLANG_WARN__DUPLICATE_METHOD_MATCH = YES;
				COPY_PHASE_STRIP = NO;
				DEBUG_INFORMATION_FORMAT = "dwarf-with-dsym";
				ENABLE_NS_ASSERTIONS = NO;
				ENABLE_STRICT_OBJC_MSGSEND = YES;
				EXCLUDED_ARCHS = "";
				GCC_C_LANGUAGE_STANDARD = gnu11;
				GCC_NO_COMMON_BLOCKS = YES;
				GCC_WARN_64_TO_32_BIT_CONVERSION = YES;
				GCC_WARN_ABOUT_RETURN_TYPE = YES_ERROR;
				GCC_WARN_UNDECLARED_SELECTOR = YES;
				GCC_WARN_UNINITIALIZED_AUTOS = YES_AGGRESSIVE;
				GCC_WARN_UNUSED_FUNCTION = YES;
				GCC_WARN_UNUSED_VARIABLE = YES;
				IPHONEOS_DEPLOYMENT_TARGET = 14.5;
				MTL_ENABLE_DEBUG_INFO = NO;
				MTL_FAST_MATH = YES;
				SDKROOT = iphoneos;
				SWIFT_COMPILATION_MODE = wholemodule;
				SWIFT_OPTIMIZATION_LEVEL = "-O";
				VALIDATE_PRODUCT = YES;
			};
			name = Release;
		};
		40373B8626D4EB0200772503 /* Debug */ = {
			isa = XCBuildConfiguration;
			baseConfigurationReference = D44863C46E6F668636FD9452 /* Pods-funda_demo_ios.debug.xcconfig */;
			buildSettings = {
				ASSETCATALOG_COMPILER_APPICON_NAME = AppIcon;
				ASSETCATALOG_COMPILER_GLOBAL_ACCENT_COLOR_NAME = AccentColor;
				CODE_SIGN_STYLE = Automatic;
				DEVELOPMENT_TEAM = 8HGMEAFJNV;
				EXCLUDED_ARCHS = "";
				INFOPLIST_FILE = "funda_demo_ios/Info-Debug.plist";
				LD_RUNPATH_SEARCH_PATHS = (
					"$(inherited)",
					"@executable_path/Frameworks",
				);
				ONLY_ACTIVE_ARCH = YES;
				PRODUCT_BUNDLE_IDENTIFIER = "com.zarudnev.funda-demo-ios";
				PRODUCT_NAME = "$(TARGET_NAME)";
				SWIFT_VERSION = 5.0;
				TARGETED_DEVICE_FAMILY = "1,2";
			};
			name = Debug;
		};
		40373B8726D4EB0200772503 /* Release */ = {
			isa = XCBuildConfiguration;
			baseConfigurationReference = B1328333521796F17323A3E5 /* Pods-funda_demo_ios.release.xcconfig */;
			buildSettings = {
				ASSETCATALOG_COMPILER_APPICON_NAME = AppIcon;
				ASSETCATALOG_COMPILER_GLOBAL_ACCENT_COLOR_NAME = AccentColor;
				CODE_SIGN_STYLE = Automatic;
				DEVELOPMENT_TEAM = 8HGMEAFJNV;
				EXCLUDED_ARCHS = "";
				INFOPLIST_FILE = "funda_demo_ios/Info-Release.plist";
				LD_RUNPATH_SEARCH_PATHS = (
					"$(inherited)",
					"@executable_path/Frameworks",
				);
				PRODUCT_BUNDLE_IDENTIFIER = "com.zarudnev.funda-demo-ios";
				PRODUCT_NAME = "$(TARGET_NAME)";
				SWIFT_VERSION = 5.0;
				TARGETED_DEVICE_FAMILY = "1,2";
			};
			name = Release;
		};
/* End XCBuildConfiguration section */

/* Begin XCConfigurationList section */
		40373B6C26D4EB0100772503 /* Build configuration list for PBXProject "funda_demo_ios" */ = {
			isa = XCConfigurationList;
			buildConfigurations = (
				40373B8326D4EB0200772503 /* Debug */,
				40373B8426D4EB0200772503 /* Release */,
			);
			defaultConfigurationIsVisible = 0;
			defaultConfigurationName = Release;
		};
		40373B8526D4EB0200772503 /* Build configuration list for PBXNativeTarget "funda_demo_ios" */ = {
			isa = XCConfigurationList;
			buildConfigurations = (
				40373B8626D4EB0200772503 /* Debug */,
				40373B8726D4EB0200772503 /* Release */,
			);
			defaultConfigurationIsVisible = 0;
			defaultConfigurationName = Release;
		};
/* End XCConfigurationList section */
	};
	rootObject = 40373B6926D4EB0100772503 /* Project object */;
}
